dependencies:
- name: mysql
  repository: https://kubernetes-charts.storage.googleapis.com/
  version: 0.3.4
- name: rabbitmq
  repository: https://kubernetes-charts.storage.googleapis.com/
  version: 0.6.16
- name: kafka
  repository: https://kubernetes-charts-incubator.storage.googleapis.com/
  version: 0.13.11
- name: grafana
  repository: https://kubernetes-charts.storage.googleapis.com/
  version: 3.2.0
- name: redis
  repository: https://kubernetes-charts.storage.googleapis.com/
  version: 6.4.4
digest: sha256:e06e8646947f8af57cc63e1dd223017a5e515072acd7566bae2ee0bf2df481da
generated: 2019-04-12T12:49:42.181274422+05:30
